{
  "version": 4,
  "terraform_version": "0.13.3",
  "serial": 42,
  "lineage": "05208ba0-5f4e-fede-7c22-ad1e911365f9",
  "outputs": {},
  "resources": [
    {
      "mode": "managed",
      "type": "google_container_cluster",
      "name": "primary_cluster",
      "provider": "provider[\"registry.terraform.io/hashicorp/google\"]",
      "instances": [
        {
          "schema_version": 1,
          "attributes": {
            "additional_zones": [],
            "addons_config": [
              {
                "cloudrun_config": [],
                "horizontal_pod_autoscaling": [],
                "http_load_balancing": [],
                "kubernetes_dashboard": [],
                "network_policy_config": [
                  {
                    "disabled": true
                  }
                ]
              }
            ],
            "authenticator_groups_config": [],
            "cluster_autoscaling": [
              {
                "auto_provisioning_defaults": [],
                "enabled": false,
                "resource_limits": []
              }
            ],
            "cluster_ipv4_cidr": "10.72.0.0/14",
            "database_encryption": [
              {
                "key_name": "",
                "state": "DECRYPTED"
              }
            ],
            "default_max_pods_per_node": null,
            "description": "",
            "enable_binary_authorization": false,
            "enable_intranode_visibility": null,
            "enable_kubernetes_alpha": false,
            "enable_legacy_abac": false,
            "enable_shielded_nodes": false,
            "enable_tpu": null,
            "endpoint": "35.223.7.242",
            "id": "projects/fleet-271114/locations/us-central1-c/clusters/fleet-271114-cluster",
            "initial_node_count": 1,
            "instance_group_urls": [],
            "ip_allocation_policy": [],
            "label_fingerprint": "a9dc16a7",
            "location": "us-central1-c",
            "logging_service": "logging.googleapis.com/kubernetes",
            "maintenance_policy": [],
            "master_auth": [
              {
                "client_certificate": "",
                "client_certificate_config": [
                  {
                    "issue_client_certificate": false
                  }
                ],
                "client_key": "",
                "cluster_ca_certificate": "LS0tLS1CRUdJTiBDRVJUSUZJQ0FURS0tLS0tCk1JSURLekNDQWhPZ0F3SUJBZ0lSQUs3SDMvY2tObEM3SVlLZENnSTJGamt3RFFZSktvWklodmNOQVFFTEJRQXcKTHpFdE1Dc0dBMVVFQXhNa1lUWXpNRFl4TXpFdE5tTTBaUzAwTWpSakxUazRORGN0T0RjM1kyTmlZV1V6TVROagpNQjRYRFRJd01Ea3lOREl4TVRVeE9Wb1hEVEkxTURreU16SXlNVFV4T1Zvd0x6RXRNQ3NHQTFVRUF4TWtZVFl6Ck1EWXhNekV0Tm1NMFpTMDBNalJqTFRrNE5EY3RPRGMzWTJOaVlXVXpNVE5qTUlJQklqQU5CZ2txaGtpRzl3MEIKQVFFRkFBT0NBUThBTUlJQkNnS0NBUUVBdnYwSXpoSld1ZXVRaXBVQURTQUxUWWttSHROamg1VXRHeUFlK3JlaQpOOUtHSHMvcEM2ekFQU0FGWG9SWmVhdERMaTN0bG8yYTd6NkJLMXpZWG5hYzNXVW5PYTcrYWhMeTBzSmFmempECnFoUTVqZ0dPdTFieFZNNlBSeWNnamkyTXNFS2hvRVYxcU4wWVpMbGhaQkRhUFAwSi92a0NRTzdURFhURjYwYkUKNEE5dWRVY0ZsaUlCc3J2UTJ1dzdVaUdySTJVNVFxTHp2bkFQRzRXNzBxWHRHRW1KMlV5Nlc5dW9CTEpvOWU3SQpJSysvbEVxZ3A4TGVxQU8vQjBkL0VHQ3V4TDBHblpNanN5UU1qQzRPSUR0Z3pYcm9kVEdRdC9hQ1A3Si96bTBQClJqeWc5YzVRejFPZlFPVWNleHJTRDQxS1h2TUFLNWtVOWZDUHRLREJNTUx3d1FJREFRQUJvMEl3UURBT0JnTlYKSFE4QkFmOEVCQU1DQWdRd0R3WURWUjBUQVFIL0JBVXdBd0VCL3pBZEJnTlZIUTRFRmdRVVVpVnY3OTJiNUhrWgo4Q2pkYkFON1hRc2F2Tkl3RFFZSktvWklodmNOQVFFTEJRQURnZ0VCQUtySFpHc3d4RTUzckRvZE5QSGh2TUNNCmlBenErdEliK25DNEhwdEVyWjR1SU1BSE8vc1MrTFhrd0Y3TFZqN0RFclV4bGlzbFFxelRSRm82ZWI3cU1tWHEKc2ZNRUcyRWlOcCt2Uys5dnhwc290OWVOYTZpUGczejdjOG8wOEpKbXhFSzRoU2VOaWpqK0lCRkN2dGhyNnNxcgpYK2U2ZVZIcHRKTkZjUGQvT3RqN3JPY1dYV1oxSmkvOENoV2Y2ZHYvUTZoQ2NlM29jV0hSenZqd1lDbjNtYnJWCmxmT3Z5cHRwbUY3ZWU1L2hHUlRWSTg2YlpBa0pKeFlhbVRneGFqeUdJMWJ0ekVkSm5wZDJ5MEltbGdvZ2dBVWgKYW1DazlaS3o3M3YwQ2dCQ1JwUE5zaWU2a3d5dEtoUmFrZ0xuYXpia1NQZ2hHN29CTlc3czJwTTRrb0NMV2xzPQotLS0tLUVORCBDRVJUSUZJQ0FURS0tLS0tCg==",
                "password": "",
                "username": ""
              }
            ],
            "master_authorized_networks_config": [],
            "master_version": "1.15.12-gke.20",
            "min_master_version": null,
            "monitoring_service": "monitoring.googleapis.com/kubernetes",
            "name": "fleet-271114-cluster",
            "network": "projects/fleet-271114/global/networks/default",
            "network_policy": [
              {
                "enabled": false,
                "provider": "PROVIDER_UNSPECIFIED"
              }
            ],
            "node_config": [],
            "node_locations": [],
            "node_pool": [],
            "node_version": "1.15.12-gke.20",
            "operation": null,
            "pod_security_policy_config": null,
            "private_cluster_config": [],
            "project": "fleet-271114",
            "region": null,
            "release_channel": [
              {
                "channel": "UNSPECIFIED"
              }
            ],
            "remove_default_node_pool": true,
            "resource_labels": null,
            "resource_usage_export_config": [],
            "self_link": "https://container.googleapis.com/v1beta1/projects/fleet-271114/zones/us-central1-c/clusters/fleet-271114-cluster",
            "services_ipv4_cidr": "10.75.240.0/20",
            "subnetwork": "projects/fleet-271114/regions/us-central1/subnetworks/default",
            "timeouts": null,
            "vertical_pod_autoscaling": [],
            "workload_identity_config": [],
            "zone": null
          },
          "private": "eyJlMmJmYjczMC1lY2FhLTExZTYtOGY4OC0zNDM2M2JjN2M0YzAiOnsiY3JlYXRlIjoyNDAwMDAwMDAwMDAwLCJkZWxldGUiOjI0MDAwMDAwMDAwMDAsInJlYWQiOjI0MDAwMDAwMDAwMDAsInVwZGF0ZSI6MzYwMDAwMDAwMDAwMH0sInNjaGVtYV92ZXJzaW9uIjoiMSJ9"
        }
      ]
    },
    {
      "mode": "managed",
      "type": "google_container_node_pool",
      "name": "primary_cluster_nodes",
      "provider": "provider[\"registry.terraform.io/hashicorp/google\"]",
      "instances": [
        {
          "schema_version": 1,
          "attributes": {
            "autoscaling": [],
            "cluster": "fleet-271114-cluster",
            "id": "projects/fleet-271114/locations/us-central1-c/clusters/fleet-271114-cluster/nodePools/fleet-271114-cluster-node-pool",
            "initial_node_count": 3,
            "instance_group_urls": [
              "https://www.googleapis.com/compute/v1/projects/fleet-271114/zones/us-central1-c/instanceGroupManagers/gke-fleet-271114-clu-fleet-271114-clu-ca0e5368-grp"
            ],
            "location": "us-central1-c",
            "management": [
              {
                "auto_repair": true,
                "auto_upgrade": true
              }
            ],
            "max_pods_per_node": null,
            "name": "fleet-271114-cluster-node-pool",
            "name_prefix": "",
            "node_config": [
              {
                "disk_size_gb": 100,
                "disk_type": "pd-standard",
                "guest_accelerator": [],
                "image_type": "COS",
                "labels": {},
                "local_ssd_count": 0,
                "machine_type": "e2-medium",
                "metadata": {
                  "disable-legacy-endpoints": "true"
                },
                "min_cpu_platform": "",
                "oauth_scopes": [
                  "https://www.googleapis.com/auth/cloud-platform",
                  "https://www.googleapis.com/auth/logging.write",
                  "https://www.googleapis.com/auth/monitoring",
                  "https://www.googleapis.com/auth/pubsub"
                ],
                "preemptible": false,
                "sandbox_config": [],
                "service_account": "default",
                "shielded_instance_config": [
                  {
                    "enable_integrity_monitoring": true,
                    "enable_secure_boot": false
                  }
                ],
                "tags": null,
                "taint": [],
                "workload_metadata_config": []
              }
            ],
            "node_count": 3,
            "node_locations": [
              "us-central1-c"
            ],
            "project": "fleet-271114",
            "region": null,
            "timeouts": null,
            "upgrade_settings": [
              {
                "max_surge": 1,
                "max_unavailable": 0
              }
            ],
            "version": "1.15.12-gke.20",
            "zone": null
          },
          "private": "eyJlMmJmYjczMC1lY2FhLTExZTYtOGY4OC0zNDM2M2JjN2M0YzAiOnsiY3JlYXRlIjoxODAwMDAwMDAwMDAwLCJkZWxldGUiOjE4MDAwMDAwMDAwMDAsInVwZGF0ZSI6MTgwMDAwMDAwMDAwMH0sInNjaGVtYV92ZXJzaW9uIjoiMSJ9",
          "dependencies": [
            "google_container_cluster.primary_cluster"
          ]
        }
      ]
    },
    {
      "mode": "managed",
      "type": "google_container_registry",
      "name": "registry",
      "provider": "provider[\"registry.terraform.io/hashicorp/google\"]",
      "instances": [
        {
          "schema_version": 0,
          "attributes": {
            "bucket_self_link": "https://www.googleapis.com/storage/v1/b/artifacts.fleet-271114.appspot.com",
            "id": "artifacts.fleet-271114.appspot.com",
            "location": null,
            "project": null
          },
          "private": "bnVsbA=="
        }
      ]
    },
    {
      "mode": "managed",
      "type": "google_project_iam_custom_role",
      "name": "gcr_custom_admin",
      "provider": "provider[\"registry.terraform.io/hashicorp/google\"]",
      "instances": [
        {
          "schema_version": 0,
          "attributes": {
            "deleted": false,
            "description": "Custom admin role for GCR. It should permit all the operations needed on containers.",
            "id": "projects/fleet-271114/roles/gcrCustomAdmin",
            "name": "projects/fleet-271114/roles/gcrCustomAdmin",
            "permissions": [
              "storage.buckets.create",
              "storage.buckets.delete",
              "storage.buckets.get",
              "storage.buckets.list",
              "storage.buckets.update",
              "storage.objects.create",
              "storage.objects.delete",
              "storage.objects.get",
              "storage.objects.list",
              "storage.objects.update"
            ],
            "project": "fleet-271114",
            "role_id": "gcrCustomAdmin",
            "stage": "GA",
            "title": "GCR custom admin"
          },
          "private": "bnVsbA=="
        }
      ]
    },
    {
      "mode": "managed",
      "type": "google_project_iam_member",
      "name": "project",
      "provider": "provider[\"registry.terraform.io/hashicorp/google\"]",
      "instances": [
        {
          "schema_version": 0,
          "attributes": {
            "condition": [],
            "etag": "BwWwFXEi2ts=",
            "id": "fleet-271114/projects/fleet-271114/roles/gcrCustomAdmin/serviceaccount:circleci@fleet-271114.iam.gserviceaccount.com",
            "member": "serviceAccount:circleci@fleet-271114.iam.gserviceaccount.com",
            "project": "fleet-271114",
            "role": "projects/fleet-271114/roles/gcrCustomAdmin"
          },
          "private": "bnVsbA==",
          "dependencies": [
            "google_project_iam_custom_role.gcr_custom_admin",
            "google_service_account.circleci_service_account"
          ]
        }
      ]
    },
    {
      "mode": "managed",
      "type": "google_service_account",
      "name": "circleci_service_account",
      "provider": "provider[\"registry.terraform.io/hashicorp/google\"]",
      "instances": [
        {
          "schema_version": 0,
          "attributes": {
            "account_id": "circleci",
            "description": "",
            "display_name": "Service account used by CircleCI",
            "email": "circleci@fleet-271114.iam.gserviceaccount.com",
            "id": "projects/fleet-271114/serviceAccounts/circleci@fleet-271114.iam.gserviceaccount.com",
            "name": "projects/fleet-271114/serviceAccounts/circleci@fleet-271114.iam.gserviceaccount.com",
            "project": "fleet-271114",
            "timeouts": null,
            "unique_id": "112872083510759414274"
          },
          "private": "eyJlMmJmYjczMC1lY2FhLTExZTYtOGY4OC0zNDM2M2JjN2M0YzAiOnsiY3JlYXRlIjozMDAwMDAwMDAwMDB9fQ=="
        }
      ]
    }
  ]
}
